
Microsoft Visual Studio Solution File, Format Version 12.00
# Visual Studio Version 17
VisualStudioVersion = 17.10.34916.146
MinimumVisualStudioVersion = 10.0.40219.1
Project("{FAE04EC0-301F-11D3-BF4B-00C04F79EFBC}") = "MongoContainerAPI", "MongoContainerAPI\MongoContainerAPI.csproj", "{32AD7A9D-B0B0-4BB8-94AC-F6FFA732C8CA}"
EndProject
Global
	GlobalSection(SolutionConfigurationPlatforms) = preSolution
		Debug|Any CPU = Debug|Any CPU
		Release|Any CPU = Release|Any CPU
	EndGlobalSection
	GlobalSection(ProjectConfigurationPlatforms) = postSolution
		{32AD7A9D-B0B0-4BB8-94AC-F6FFA732C8CA}.Debug|Any CPU.ActiveCfg = Debug|Any CPU
		{32AD7A9D-B0B0-4BB8-94AC-F6FFA732C8CA}.Debug|Any CPU.Build.0 = Debug|Any CPU
		{32AD7A9D-B0B0-4BB8-94AC-F6FFA732C8CA}.Release|Any CPU.ActiveCfg = Release|Any CPU
		{32AD7A9D-B0B0-4BB8-94AC-F6FFA732C8CA}.Release|Any CPU.Build.0 = Release|Any CPU
	EndGlobalSection
	GlobalSection(SolutionProperties) = preSolution
		HideSolutionNode = FALSE
	EndGlobalSection
	GlobalSection(ExtensibilityGlobals) = postSolution
		SolutionGuid = {04F4D760-67DA-490C-B9A4-DC0174265143}
	EndGlobalSection
EndGlobal
